
Microsoft Visual Studio Solution File, Format Version 12.00
# Visual Studio Version 17
VisualStudioVersion = 17.3.32922.545
MinimumVisualStudioVersion = 10.0.40219.1
Project("{FAE04EC0-301F-11D3-BF4B-00C04F79EFBC}") = "03 Case", "03 Case\03 Case.csproj", "{143B4FBE-0771-41B0-AEFE-3581EAAEC621}"
EndProject
Global
	GlobalSection(SolutionConfigurationPlatforms) = preSolution
		Debug|Any CPU = Debug|Any CPU
		Release|Any CPU = Release|Any CPU
	EndGlobalSection
	GlobalSection(ProjectConfigurationPlatforms) = postSolution
		{143B4FBE-0771-41B0-AEFE-3581EAAEC621}.Debug|Any CPU.ActiveCfg = Debug|Any CPU
		{143B4FBE-0771-41B0-AEFE-3581EAAEC621}.Debug|Any CPU.Build.0 = Debug|Any CPU
		{143B4FBE-0771-41B0-AEFE-3581EAAEC621}.Release|Any CPU.ActiveCfg = Release|Any CPU
		{143B4FBE-0771-41B0-AEFE-3581EAAEC621}.Release|Any CPU.Build.0 = Release|Any CPU
	EndGlobalSection
	GlobalSection(SolutionProperties) = preSolution
		HideSolutionNode = FALSE
	EndGlobalSection
	GlobalSection(ExtensibilityGlobals) = postSolution
		SolutionGuid = {117B5078-1EC8-47EF-8F82-3954071FEA98}
	EndGlobalSection
EndGlobal
