
Microsoft Visual Studio Solution File, Format Version 12.00
# Visual Studio Version 17
VisualStudioVersion = 17.3.32929.385
MinimumVisualStudioVersion = 10.0.40219.1
Project("{FAE04EC0-301F-11D3-BF4B-00C04F79EFBC}") = "04 prime number", "04 prime number\04 prime number.csproj", "{3FD54C15-ABD0-4450-B96B-3A666E241D5B}"
EndProject
Global
	GlobalSection(SolutionConfigurationPlatforms) = preSolution
		Debug|Any CPU = Debug|Any CPU
		Release|Any CPU = Release|Any CPU
	EndGlobalSection
	GlobalSection(ProjectConfigurationPlatforms) = postSolution
		{3FD54C15-ABD0-4450-B96B-3A666E241D5B}.Debug|Any CPU.ActiveCfg = Debug|Any CPU
		{3FD54C15-ABD0-4450-B96B-3A666E241D5B}.Debug|Any CPU.Build.0 = Debug|Any CPU
		{3FD54C15-ABD0-4450-B96B-3A666E241D5B}.Release|Any CPU.ActiveCfg = Release|Any CPU
		{3FD54C15-ABD0-4450-B96B-3A666E241D5B}.Release|Any CPU.Build.0 = Release|Any CPU
	EndGlobalSection
	GlobalSection(SolutionProperties) = preSolution
		HideSolutionNode = FALSE
	EndGlobalSection
	GlobalSection(ExtensibilityGlobals) = postSolution
		SolutionGuid = {939CE0C3-9E86-4833-8D50-A919A4B31DA1}
	EndGlobalSection
EndGlobal
