
Microsoft Visual Studio Solution File, Format Version 12.00
# Visual Studio Version 17
VisualStudioVersion = 17.3.32922.545
MinimumVisualStudioVersion = 10.0.40219.1
Project("{FAE04EC0-301F-11D3-BF4B-00C04F79EFBC}") = "largest", "largest\largest.csproj", "{2A3D8CE4-427F-40C3-8659-FB0CF1B9D34F}"
EndProject
Global
	GlobalSection(SolutionConfigurationPlatforms) = preSolution
		Debug|Any CPU = Debug|Any CPU
		Release|Any CPU = Release|Any CPU
	EndGlobalSection
	GlobalSection(ProjectConfigurationPlatforms) = postSolution
		{2A3D8CE4-427F-40C3-8659-FB0CF1B9D34F}.Debug|Any CPU.ActiveCfg = Debug|Any CPU
		{2A3D8CE4-427F-40C3-8659-FB0CF1B9D34F}.Debug|Any CPU.Build.0 = Debug|Any CPU
		{2A3D8CE4-427F-40C3-8659-FB0CF1B9D34F}.Release|Any CPU.ActiveCfg = Release|Any CPU
		{2A3D8CE4-427F-40C3-8659-FB0CF1B9D34F}.Release|Any CPU.Build.0 = Release|Any CPU
	EndGlobalSection
	GlobalSection(SolutionProperties) = preSolution
		HideSolutionNode = FALSE
	EndGlobalSection
	GlobalSection(ExtensibilityGlobals) = postSolution
		SolutionGuid = {A4F1FB83-C9D7-409C-8D65-7C193200079C}
	EndGlobalSection
EndGlobal
