
Microsoft Visual Studio Solution File, Format Version 12.00
# Visual Studio Version 17
VisualStudioVersion = 17.3.32929.385
MinimumVisualStudioVersion = 10.0.40219.1
Project("{FAE04EC0-301F-11D3-BF4B-00C04F79EFBC}") = "04 in the mix", "04 in the mix\04 in the mix.csproj", "{A8A35FB3-C360-47AC-ABDB-2AA5CCFF9650}"
EndProject
Global
	GlobalSection(SolutionConfigurationPlatforms) = preSolution
		Debug|Any CPU = Debug|Any CPU
		Release|Any CPU = Release|Any CPU
	EndGlobalSection
	GlobalSection(ProjectConfigurationPlatforms) = postSolution
		{A8A35FB3-C360-47AC-ABDB-2AA5CCFF9650}.Debug|Any CPU.ActiveCfg = Debug|Any CPU
		{A8A35FB3-C360-47AC-ABDB-2AA5CCFF9650}.Debug|Any CPU.Build.0 = Debug|Any CPU
		{A8A35FB3-C360-47AC-ABDB-2AA5CCFF9650}.Release|Any CPU.ActiveCfg = Release|Any CPU
		{A8A35FB3-C360-47AC-ABDB-2AA5CCFF9650}.Release|Any CPU.Build.0 = Release|Any CPU
	EndGlobalSection
	GlobalSection(SolutionProperties) = preSolution
		HideSolutionNode = FALSE
	EndGlobalSection
	GlobalSection(ExtensibilityGlobals) = postSolution
		SolutionGuid = {DCB0ABBD-8F27-492E-8925-D6D70DB97B64}
	EndGlobalSection
EndGlobal
