
Microsoft Visual Studio Solution File, Format Version 12.00
# Visual Studio Version 17
VisualStudioVersion = 17.3.32929.385
MinimumVisualStudioVersion = 10.0.40219.1
Project("{FAE04EC0-301F-11D3-BF4B-00C04F79EFBC}") = "04 Sequences", "04 Sequences\04 Sequences.csproj", "{2D5A1860-F971-441B-96AC-3E42ABABE594}"
EndProject
Global
	GlobalSection(SolutionConfigurationPlatforms) = preSolution
		Debug|Any CPU = Debug|Any CPU
		Release|Any CPU = Release|Any CPU
	EndGlobalSection
	GlobalSection(ProjectConfigurationPlatforms) = postSolution
		{2D5A1860-F971-441B-96AC-3E42ABABE594}.Debug|Any CPU.ActiveCfg = Debug|Any CPU
		{2D5A1860-F971-441B-96AC-3E42ABABE594}.Debug|Any CPU.Build.0 = Debug|Any CPU
		{2D5A1860-F971-441B-96AC-3E42ABABE594}.Release|Any CPU.ActiveCfg = Release|Any CPU
		{2D5A1860-F971-441B-96AC-3E42ABABE594}.Release|Any CPU.Build.0 = Release|Any CPU
	EndGlobalSection
	GlobalSection(SolutionProperties) = preSolution
		HideSolutionNode = FALSE
	EndGlobalSection
	GlobalSection(ExtensibilityGlobals) = postSolution
		SolutionGuid = {A7F0ED89-0325-4C49-802B-C79F55146BA8}
	EndGlobalSection
EndGlobal
