
Microsoft Visual Studio Solution File, Format Version 12.00
# Visual Studio Version 17
VisualStudioVersion = 17.3.32929.385
MinimumVisualStudioVersion = 10.0.40219.1
Project("{FAE04EC0-301F-11D3-BF4B-00C04F79EFBC}") = "04 May the odds", "04 May the odds\04 May the odds.csproj", "{90AED7D0-92B1-43D9-80E4-5DD11536547B}"
EndProject
Global
	GlobalSection(SolutionConfigurationPlatforms) = preSolution
		Debug|Any CPU = Debug|Any CPU
		Release|Any CPU = Release|Any CPU
	EndGlobalSection
	GlobalSection(ProjectConfigurationPlatforms) = postSolution
		{90AED7D0-92B1-43D9-80E4-5DD11536547B}.Debug|Any CPU.ActiveCfg = Debug|Any CPU
		{90AED7D0-92B1-43D9-80E4-5DD11536547B}.Debug|Any CPU.Build.0 = Debug|Any CPU
		{90AED7D0-92B1-43D9-80E4-5DD11536547B}.Release|Any CPU.ActiveCfg = Release|Any CPU
		{90AED7D0-92B1-43D9-80E4-5DD11536547B}.Release|Any CPU.Build.0 = Release|Any CPU
	EndGlobalSection
	GlobalSection(SolutionProperties) = preSolution
		HideSolutionNode = FALSE
	EndGlobalSection
	GlobalSection(ExtensibilityGlobals) = postSolution
		SolutionGuid = {DAE3B9A9-C551-4C1F-8AA0-BD92358A8BA6}
	EndGlobalSection
EndGlobal
