
Microsoft Visual Studio Solution File, Format Version 12.00
# Visual Studio Version 17
VisualStudioVersion = 17.3.32929.385
MinimumVisualStudioVersion = 10.0.40219.1
Project("{FAE04EC0-301F-11D3-BF4B-00C04F79EFBC}") = "array practice", "array practice\array practice.csproj", "{715792CE-19D2-4521-AE00-F5E3EAF3FB38}"
EndProject
Global
	GlobalSection(SolutionConfigurationPlatforms) = preSolution
		Debug|Any CPU = Debug|Any CPU
		Release|Any CPU = Release|Any CPU
	EndGlobalSection
	GlobalSection(ProjectConfigurationPlatforms) = postSolution
		{715792CE-19D2-4521-AE00-F5E3EAF3FB38}.Debug|Any CPU.ActiveCfg = Debug|Any CPU
		{715792CE-19D2-4521-AE00-F5E3EAF3FB38}.Debug|Any CPU.Build.0 = Debug|Any CPU
		{715792CE-19D2-4521-AE00-F5E3EAF3FB38}.Release|Any CPU.ActiveCfg = Release|Any CPU
		{715792CE-19D2-4521-AE00-F5E3EAF3FB38}.Release|Any CPU.Build.0 = Release|Any CPU
	EndGlobalSection
	GlobalSection(SolutionProperties) = preSolution
		HideSolutionNode = FALSE
	EndGlobalSection
	GlobalSection(ExtensibilityGlobals) = postSolution
		SolutionGuid = {D6CCB8C9-5E39-450A-B856-2E411072E51F}
	EndGlobalSection
EndGlobal
