
Microsoft Visual Studio Solution File, Format Version 12.00
# Visual Studio Version 17
VisualStudioVersion = 17.3.32929.385
MinimumVisualStudioVersion = 10.0.40219.1
Project("{FAE04EC0-301F-11D3-BF4B-00C04F79EFBC}") = "length practic", "length practic\length practic.csproj", "{40F40B45-ADFE-4A8E-927F-1CDEEDA9E448}"
EndProject
Global
	GlobalSection(SolutionConfigurationPlatforms) = preSolution
		Debug|Any CPU = Debug|Any CPU
		Release|Any CPU = Release|Any CPU
	EndGlobalSection
	GlobalSection(ProjectConfigurationPlatforms) = postSolution
		{40F40B45-ADFE-4A8E-927F-1CDEEDA9E448}.Debug|Any CPU.ActiveCfg = Debug|Any CPU
		{40F40B45-ADFE-4A8E-927F-1CDEEDA9E448}.Debug|Any CPU.Build.0 = Debug|Any CPU
		{40F40B45-ADFE-4A8E-927F-1CDEEDA9E448}.Release|Any CPU.ActiveCfg = Release|Any CPU
		{40F40B45-ADFE-4A8E-927F-1CDEEDA9E448}.Release|Any CPU.Build.0 = Release|Any CPU
	EndGlobalSection
	GlobalSection(SolutionProperties) = preSolution
		HideSolutionNode = FALSE
	EndGlobalSection
	GlobalSection(ExtensibilityGlobals) = postSolution
		SolutionGuid = {F6FFE64C-43E5-4FCE-9776-A6296A3AD1F3}
	EndGlobalSection
EndGlobal
