
Microsoft Visual Studio Solution File, Format Version 12.00
# Visual Studio Version 17
VisualStudioVersion = 17.3.32922.545
MinimumVisualStudioVersion = 10.0.40219.1
Project("{FAE04EC0-301F-11D3-BF4B-00C04F79EFBC}") = "odd", "odd\odd.csproj", "{C1F76A73-5822-4CE0-AB7B-74E8230EDD1C}"
EndProject
Global
	GlobalSection(SolutionConfigurationPlatforms) = preSolution
		Debug|Any CPU = Debug|Any CPU
		Release|Any CPU = Release|Any CPU
	EndGlobalSection
	GlobalSection(ProjectConfigurationPlatforms) = postSolution
		{C1F76A73-5822-4CE0-AB7B-74E8230EDD1C}.Debug|Any CPU.ActiveCfg = Debug|Any CPU
		{C1F76A73-5822-4CE0-AB7B-74E8230EDD1C}.Debug|Any CPU.Build.0 = Debug|Any CPU
		{C1F76A73-5822-4CE0-AB7B-74E8230EDD1C}.Release|Any CPU.ActiveCfg = Release|Any CPU
		{C1F76A73-5822-4CE0-AB7B-74E8230EDD1C}.Release|Any CPU.Build.0 = Release|Any CPU
	EndGlobalSection
	GlobalSection(SolutionProperties) = preSolution
		HideSolutionNode = FALSE
	EndGlobalSection
	GlobalSection(ExtensibilityGlobals) = postSolution
		SolutionGuid = {F286CF1C-9B96-453E-843B-4113E9D98243}
	EndGlobalSection
EndGlobal
