
Microsoft Visual Studio Solution File, Format Version 12.00
# Visual Studio Version 17
VisualStudioVersion = 17.3.32929.385
MinimumVisualStudioVersion = 10.0.40219.1
Project("{FAE04EC0-301F-11D3-BF4B-00C04F79EFBC}") = "05 Punctuation", "05 Punctuation\05 Punctuation.csproj", "{111BDE83-95C6-400A-8282-D7DF488414B6}"
EndProject
Global
	GlobalSection(SolutionConfigurationPlatforms) = preSolution
		Debug|Any CPU = Debug|Any CPU
		Release|Any CPU = Release|Any CPU
	EndGlobalSection
	GlobalSection(ProjectConfigurationPlatforms) = postSolution
		{111BDE83-95C6-400A-8282-D7DF488414B6}.Debug|Any CPU.ActiveCfg = Debug|Any CPU
		{111BDE83-95C6-400A-8282-D7DF488414B6}.Debug|Any CPU.Build.0 = Debug|Any CPU
		{111BDE83-95C6-400A-8282-D7DF488414B6}.Release|Any CPU.ActiveCfg = Release|Any CPU
		{111BDE83-95C6-400A-8282-D7DF488414B6}.Release|Any CPU.Build.0 = Release|Any CPU
	EndGlobalSection
	GlobalSection(SolutionProperties) = preSolution
		HideSolutionNode = FALSE
	EndGlobalSection
	GlobalSection(ExtensibilityGlobals) = postSolution
		SolutionGuid = {B61102F6-5A74-4349-8BA3-9C1471822FE3}
	EndGlobalSection
EndGlobal
