
Microsoft Visual Studio Solution File, Format Version 12.00
# Visual Studio Version 17
VisualStudioVersion = 17.5.33414.496
MinimumVisualStudioVersion = 10.0.40219.1
Project("{FAE04EC0-301F-11D3-BF4B-00C04F79EFBC}") = "shape", "shape\shape.csproj", "{27ACE595-62C9-4D69-A7D6-735287BD4238}"
EndProject
Global
	GlobalSection(SolutionConfigurationPlatforms) = preSolution
		Debug|Any CPU = Debug|Any CPU
		Release|Any CPU = Release|Any CPU
	EndGlobalSection
	GlobalSection(ProjectConfigurationPlatforms) = postSolution
		{27ACE595-62C9-4D69-A7D6-735287BD4238}.Debug|Any CPU.ActiveCfg = Debug|Any CPU
		{27ACE595-62C9-4D69-A7D6-735287BD4238}.Debug|Any CPU.Build.0 = Debug|Any CPU
		{27ACE595-62C9-4D69-A7D6-735287BD4238}.Release|Any CPU.ActiveCfg = Release|Any CPU
		{27ACE595-62C9-4D69-A7D6-735287BD4238}.Release|Any CPU.Build.0 = Release|Any CPU
	EndGlobalSection
	GlobalSection(SolutionProperties) = preSolution
		HideSolutionNode = FALSE
	EndGlobalSection
	GlobalSection(ExtensibilityGlobals) = postSolution
		SolutionGuid = {BED87CA7-1DF3-400C-850E-1CA36813E679}
	EndGlobalSection
EndGlobal
