
Microsoft Visual Studio Solution File, Format Version 12.00
# Visual Studio Version 17
VisualStudioVersion = 17.3.32929.385
MinimumVisualStudioVersion = 10.0.40219.1
Project("{FAE04EC0-301F-11D3-BF4B-00C04F79EFBC}") = "ConsoleApp1", "ConsoleApp1\ConsoleApp1.csproj", "{E77A4794-CC94-49CC-9A29-812ACBF7555E}"
EndProject
Global
	GlobalSection(SolutionConfigurationPlatforms) = preSolution
		Debug|Any CPU = Debug|Any CPU
		Release|Any CPU = Release|Any CPU
	EndGlobalSection
	GlobalSection(ProjectConfigurationPlatforms) = postSolution
		{E77A4794-CC94-49CC-9A29-812ACBF7555E}.Debug|Any CPU.ActiveCfg = Debug|Any CPU
		{E77A4794-CC94-49CC-9A29-812ACBF7555E}.Debug|Any CPU.Build.0 = Debug|Any CPU
		{E77A4794-CC94-49CC-9A29-812ACBF7555E}.Release|Any CPU.ActiveCfg = Release|Any CPU
		{E77A4794-CC94-49CC-9A29-812ACBF7555E}.Release|Any CPU.Build.0 = Release|Any CPU
	EndGlobalSection
	GlobalSection(SolutionProperties) = preSolution
		HideSolutionNode = FALSE
	EndGlobalSection
	GlobalSection(ExtensibilityGlobals) = postSolution
		SolutionGuid = {1E8595F8-95C3-43FB-8EFF-FBEE39E41C20}
	EndGlobalSection
EndGlobal
