
Microsoft Visual Studio Solution File, Format Version 12.00
# Visual Studio Version 17
VisualStudioVersion = 17.3.32929.385
MinimumVisualStudioVersion = 10.0.40219.1
Project("{FAE04EC0-301F-11D3-BF4B-00C04F79EFBC}") = "Moc_Exam2", "Moc_Exam2\Moc_Exam2.csproj", "{8189B055-B9CC-4531-BC9A-44E82F97E7A4}"
EndProject
Global
	GlobalSection(SolutionConfigurationPlatforms) = preSolution
		Debug|Any CPU = Debug|Any CPU
		Release|Any CPU = Release|Any CPU
	EndGlobalSection
	GlobalSection(ProjectConfigurationPlatforms) = postSolution
		{8189B055-B9CC-4531-BC9A-44E82F97E7A4}.Debug|Any CPU.ActiveCfg = Debug|Any CPU
		{8189B055-B9CC-4531-BC9A-44E82F97E7A4}.Debug|Any CPU.Build.0 = Debug|Any CPU
		{8189B055-B9CC-4531-BC9A-44E82F97E7A4}.Release|Any CPU.ActiveCfg = Release|Any CPU
		{8189B055-B9CC-4531-BC9A-44E82F97E7A4}.Release|Any CPU.Build.0 = Release|Any CPU
	EndGlobalSection
	GlobalSection(SolutionProperties) = preSolution
		HideSolutionNode = FALSE
	EndGlobalSection
	GlobalSection(ExtensibilityGlobals) = postSolution
		SolutionGuid = {A6BF594C-97A5-4840-AC80-FD39281BB46B}
	EndGlobalSection
EndGlobal
