
Microsoft Visual Studio Solution File, Format Version 12.00
# Visual Studio Version 17
VisualStudioVersion = 17.3.32929.385
MinimumVisualStudioVersion = 10.0.40219.1
Project("{FAE04EC0-301F-11D3-BF4B-00C04F79EFBC}") = "dfhdsfhsjd", "dfhdsfhsjd\dfhdsfhsjd.csproj", "{B8886F88-F09D-4899-8D6D-2E9DCF96D558}"
EndProject
Global
	GlobalSection(SolutionConfigurationPlatforms) = preSolution
		Debug|Any CPU = Debug|Any CPU
		Release|Any CPU = Release|Any CPU
	EndGlobalSection
	GlobalSection(ProjectConfigurationPlatforms) = postSolution
		{B8886F88-F09D-4899-8D6D-2E9DCF96D558}.Debug|Any CPU.ActiveCfg = Debug|Any CPU
		{B8886F88-F09D-4899-8D6D-2E9DCF96D558}.Debug|Any CPU.Build.0 = Debug|Any CPU
		{B8886F88-F09D-4899-8D6D-2E9DCF96D558}.Release|Any CPU.ActiveCfg = Release|Any CPU
		{B8886F88-F09D-4899-8D6D-2E9DCF96D558}.Release|Any CPU.Build.0 = Release|Any CPU
	EndGlobalSection
	GlobalSection(SolutionProperties) = preSolution
		HideSolutionNode = FALSE
	EndGlobalSection
	GlobalSection(ExtensibilityGlobals) = postSolution
		SolutionGuid = {04A677DF-A922-40F8-A5BD-81E8EBD53586}
	EndGlobalSection
EndGlobal
