
Microsoft Visual Studio Solution File, Format Version 12.00
# Visual Studio Version 17
VisualStudioVersion = 17.3.32929.385
MinimumVisualStudioVersion = 10.0.40219.1
Project("{FAE04EC0-301F-11D3-BF4B-00C04F79EFBC}") = "05Reading(class)", "05Reading(class)\05Reading(class).csproj", "{52D38AEF-E76F-439D-80EE-C59A333A50BE}"
EndProject
Global
	GlobalSection(SolutionConfigurationPlatforms) = preSolution
		Debug|Any CPU = Debug|Any CPU
		Release|Any CPU = Release|Any CPU
	EndGlobalSection
	GlobalSection(ProjectConfigurationPlatforms) = postSolution
		{52D38AEF-E76F-439D-80EE-C59A333A50BE}.Debug|Any CPU.ActiveCfg = Debug|Any CPU
		{52D38AEF-E76F-439D-80EE-C59A333A50BE}.Debug|Any CPU.Build.0 = Debug|Any CPU
		{52D38AEF-E76F-439D-80EE-C59A333A50BE}.Release|Any CPU.ActiveCfg = Release|Any CPU
		{52D38AEF-E76F-439D-80EE-C59A333A50BE}.Release|Any CPU.Build.0 = Release|Any CPU
	EndGlobalSection
	GlobalSection(SolutionProperties) = preSolution
		HideSolutionNode = FALSE
	EndGlobalSection
	GlobalSection(ExtensibilityGlobals) = postSolution
		SolutionGuid = {D8879FA8-342A-442F-AC88-B7B4DA49DE9D}
	EndGlobalSection
EndGlobal
