
Microsoft Visual Studio Solution File, Format Version 12.00
# Visual Studio Version 17
VisualStudioVersion = 17.3.32929.385
MinimumVisualStudioVersion = 10.0.40219.1
Project("{FAE04EC0-301F-11D3-BF4B-00C04F79EFBC}") = "back_Problems", "back_Problems\back_Problems.csproj", "{3E02A1D2-E2ED-4113-820F-CD2F90226BFC}"
EndProject
Global
	GlobalSection(SolutionConfigurationPlatforms) = preSolution
		Debug|Any CPU = Debug|Any CPU
		Release|Any CPU = Release|Any CPU
	EndGlobalSection
	GlobalSection(ProjectConfigurationPlatforms) = postSolution
		{3E02A1D2-E2ED-4113-820F-CD2F90226BFC}.Debug|Any CPU.ActiveCfg = Debug|Any CPU
		{3E02A1D2-E2ED-4113-820F-CD2F90226BFC}.Debug|Any CPU.Build.0 = Debug|Any CPU
		{3E02A1D2-E2ED-4113-820F-CD2F90226BFC}.Release|Any CPU.ActiveCfg = Release|Any CPU
		{3E02A1D2-E2ED-4113-820F-CD2F90226BFC}.Release|Any CPU.Build.0 = Release|Any CPU
	EndGlobalSection
	GlobalSection(SolutionProperties) = preSolution
		HideSolutionNode = FALSE
	EndGlobalSection
	GlobalSection(ExtensibilityGlobals) = postSolution
		SolutionGuid = {8A923A9C-3DFF-415A-922F-3D2107444997}
	EndGlobalSection
EndGlobal
