
Microsoft Visual Studio Solution File, Format Version 12.00
# Visual Studio Version 17
VisualStudioVersion = 17.3.32929.385
MinimumVisualStudioVersion = 10.0.40219.1
Project("{FAE04EC0-301F-11D3-BF4B-00C04F79EFBC}") = "04 Next Fibonaccia", "04 Next Fibonaccia\04 Next Fibonaccia.csproj", "{93417A4C-2670-4F2D-B31D-E23EAE13D665}"
EndProject
Global
	GlobalSection(SolutionConfigurationPlatforms) = preSolution
		Debug|Any CPU = Debug|Any CPU
		Release|Any CPU = Release|Any CPU
	EndGlobalSection
	GlobalSection(ProjectConfigurationPlatforms) = postSolution
		{93417A4C-2670-4F2D-B31D-E23EAE13D665}.Debug|Any CPU.ActiveCfg = Debug|Any CPU
		{93417A4C-2670-4F2D-B31D-E23EAE13D665}.Debug|Any CPU.Build.0 = Debug|Any CPU
		{93417A4C-2670-4F2D-B31D-E23EAE13D665}.Release|Any CPU.ActiveCfg = Release|Any CPU
		{93417A4C-2670-4F2D-B31D-E23EAE13D665}.Release|Any CPU.Build.0 = Release|Any CPU
	EndGlobalSection
	GlobalSection(SolutionProperties) = preSolution
		HideSolutionNode = FALSE
	EndGlobalSection
	GlobalSection(ExtensibilityGlobals) = postSolution
		SolutionGuid = {578E6D85-CAF8-4402-861A-F8AE5F4ED13E}
	EndGlobalSection
EndGlobal
