
Microsoft Visual Studio Solution File, Format Version 12.00
# Visual Studio Version 17
VisualStudioVersion = 17.3.32929.385
MinimumVisualStudioVersion = 10.0.40219.1
Project("{FAE04EC0-301F-11D3-BF4B-00C04F79EFBC}") = "Moc_exam", "Moc_exam\Moc_exam.csproj", "{03B3D775-EB50-4AB7-8CE9-2E4E8C05CE62}"
EndProject
Global
	GlobalSection(SolutionConfigurationPlatforms) = preSolution
		Debug|Any CPU = Debug|Any CPU
		Release|Any CPU = Release|Any CPU
	EndGlobalSection
	GlobalSection(ProjectConfigurationPlatforms) = postSolution
		{03B3D775-EB50-4AB7-8CE9-2E4E8C05CE62}.Debug|Any CPU.ActiveCfg = Debug|Any CPU
		{03B3D775-EB50-4AB7-8CE9-2E4E8C05CE62}.Debug|Any CPU.Build.0 = Debug|Any CPU
		{03B3D775-EB50-4AB7-8CE9-2E4E8C05CE62}.Release|Any CPU.ActiveCfg = Release|Any CPU
		{03B3D775-EB50-4AB7-8CE9-2E4E8C05CE62}.Release|Any CPU.Build.0 = Release|Any CPU
	EndGlobalSection
	GlobalSection(SolutionProperties) = preSolution
		HideSolutionNode = FALSE
	EndGlobalSection
	GlobalSection(ExtensibilityGlobals) = postSolution
		SolutionGuid = {E6104B0F-1E07-44CF-8A79-6C364015B9A3}
	EndGlobalSection
EndGlobal
