
Microsoft Visual Studio Solution File, Format Version 12.00
# Visual Studio Version 17
VisualStudioVersion = 17.3.32922.545
MinimumVisualStudioVersion = 10.0.40219.1
Project("{FAE04EC0-301F-11D3-BF4B-00C04F79EFBC}") = "03 Order", "03 Order\03 Order.csproj", "{A6E4E025-ED7C-445A-B2FF-6AB799BB0473}"
EndProject
Global
	GlobalSection(SolutionConfigurationPlatforms) = preSolution
		Debug|Any CPU = Debug|Any CPU
		Release|Any CPU = Release|Any CPU
	EndGlobalSection
	GlobalSection(ProjectConfigurationPlatforms) = postSolution
		{A6E4E025-ED7C-445A-B2FF-6AB799BB0473}.Debug|Any CPU.ActiveCfg = Debug|Any CPU
		{A6E4E025-ED7C-445A-B2FF-6AB799BB0473}.Debug|Any CPU.Build.0 = Debug|Any CPU
		{A6E4E025-ED7C-445A-B2FF-6AB799BB0473}.Release|Any CPU.ActiveCfg = Release|Any CPU
		{A6E4E025-ED7C-445A-B2FF-6AB799BB0473}.Release|Any CPU.Build.0 = Release|Any CPU
	EndGlobalSection
	GlobalSection(SolutionProperties) = preSolution
		HideSolutionNode = FALSE
	EndGlobalSection
	GlobalSection(ExtensibilityGlobals) = postSolution
		SolutionGuid = {3E7CFB44-CDC7-4AA3-AAC3-38B151D888DF}
	EndGlobalSection
EndGlobal
